
Microsoft Visual Studio Solution File, Format Version 12.00
# Visual Studio Version 17
VisualStudioVersion = 17.0.32014.148
MinimumVisualStudioVersion = 10.0.40219.1
Project("{8BC9CEB8-8B4A-11D0-8D11-00A0C91BC942}") = "GameServerBase", "GameServerBase\GameServerBase.vcxproj", "{335E2818-BE82-4B21-BF14-1D3FE71482A3}"
EndProject
Project("{2150E333-8FDC-42A3-9474-1A3956D46DE8}") = "Doc", "Doc", "{7E8E7F26-32A8-45CD-B543-9C711CC9C2F9}"
EndProject
Project("{2150E333-8FDC-42A3-9474-1A3956D46DE8}") = "Git", "Git", "{38A56C59-A822-43A0-8C94-52358A550616}"
	ProjectSection(SolutionItems) = preProject
		GameServerClassBase.zip = GameServerClassBase.zip
		GameServerProjectBase.zip = GameServerProjectBase.zip
		Git사용법.txt = Git사용법.txt
		코로나상세알림.txt = 코로나상세알림.txt
		패킷등록단계.txt = 패킷등록단계.txt
	EndProjectSection
EndProject
Project("{2150E333-8FDC-42A3-9474-1A3956D46DE8}") = "Level0Base", "Level0Base", "{DA007C85-99AE-41A0-BDF6-ABAA6A435875}"
EndProject
Project("{2150E333-8FDC-42A3-9474-1A3956D46DE8}") = "Level5App", "Level5App", "{00699D49-11EE-427B-A62B-5A5B5EF093F0}"
EndProject
Project("{2150E333-8FDC-42A3-9474-1A3956D46DE8}") = "Level1Network", "Level1Network", "{ADBEC451-2CD2-4EE3-8427-64198FE41BE9}"
EndProject
Project("{8BC9CEB8-8B4A-11D0-8D11-00A0C91BC942}") = "GameServerNet", "GameServerNet\GameServerNet.vcxproj", "{11EA27B0-62BA-4C3C-B208-4BD6DDF97808}"
	ProjectSection(ProjectDependencies) = postProject
		{335E2818-BE82-4B21-BF14-1D3FE71482A3} = {335E2818-BE82-4B21-BF14-1D3FE71482A3}
	EndProjectSection
EndProject
Project("{8BC9CEB8-8B4A-11D0-8D11-00A0C91BC942}") = "GameServerApp", "GameServerApp\GameServerApp.vcxproj", "{DC21D136-1DDB-4755-88EC-459185C89D5A}"
	ProjectSection(ProjectDependencies) = postProject
		{335E2818-BE82-4B21-BF14-1D3FE71482A3} = {335E2818-BE82-4B21-BF14-1D3FE71482A3}
		{948C7635-D676-4D64-B2CD-3445E61C080A} = {948C7635-D676-4D64-B2CD-3445E61C080A}
		{EEB2A67A-9EA1-44CB-89C7-B44CE20C2654} = {EEB2A67A-9EA1-44CB-89C7-B44CE20C2654}
		{11EA27B0-62BA-4C3C-B208-4BD6DDF97808} = {11EA27B0-62BA-4C3C-B208-4BD6DDF97808}
	EndProjectSection
EndProject
Project("{2150E333-8FDC-42A3-9474-1A3956D46DE8}") = "이론", "이론", "{CC55C3A9-033A-4051-B8E5-BC6ED529733B}"
	ProjectSection(SolutionItems) = preProject
		DBQuery.txt = DBQuery.txt
		Hash.txt = Hash.txt
		..\OSI7계층.pptx = ..\OSI7계층.pptx
		RTTI.txt = RTTI.txt
		데이터의 전송과정.txt = 데이터의 전송과정.txt
		로직.txt = 로직.txt
		메뉴얼.txt = 메뉴얼.txt
	EndProjectSection
EndProject
Project("{2150E333-8FDC-42A3-9474-1A3956D46DE8}") = "Level2Message", "Level2Message", "{91E3FD9F-A076-4EF1-8C6A-700131C33FAB}"
EndProject
Project("{8BC9CEB8-8B4A-11D0-8D11-00A0C91BC942}") = "GameServerMessage", "GameServerMessage\GameServerMessage.vcxproj", "{948C7635-D676-4D64-B2CD-3445E61C080A}"
EndProject
Project("{8BC9CEB8-8B4A-11D0-8D11-00A0C91BC942}") = "MessageToUnreal", "MessageToUnreal\MessageToUnreal.vcxproj", "{EEB2A67A-9EA1-44CB-89C7-B44CE20C2654}"
	ProjectSection(ProjectDependencies) = postProject
		{335E2818-BE82-4B21-BF14-1D3FE71482A3} = {335E2818-BE82-4B21-BF14-1D3FE71482A3}
	EndProjectSection
EndProject
Project("{2150E333-8FDC-42A3-9474-1A3956D46DE8}") = "Level3ServerCore", "Level3ServerCore", "{5EBA3C78-7934-4932-B4FF-1130F505D6F3}"
EndProject
Project("{2150E333-8FDC-42A3-9474-1A3956D46DE8}") = "Level4Contents", "Level4Contents", "{C17BBAF6-214B-4E98-90B4-9C585FE1D6AF}"
EndProject
Project("{8BC9CEB8-8B4A-11D0-8D11-00A0C91BC942}") = "GameServerCore", "GameServerCore\GameServerCore.vcxproj", "{222BF337-DB83-426E-B175-09FE9D564BD9}"
EndProject
Project("{8BC9CEB8-8B4A-11D0-8D11-00A0C91BC942}") = "GameServerContents", "GameServerContents\GameServerContents.vcxproj", "{183F2038-4FB2-4DA3-8343-CD75B0D2FD77}"
	ProjectSection(ProjectDependencies) = postProject
		{335E2818-BE82-4B21-BF14-1D3FE71482A3} = {335E2818-BE82-4B21-BF14-1D3FE71482A3}
		{948C7635-D676-4D64-B2CD-3445E61C080A} = {948C7635-D676-4D64-B2CD-3445E61C080A}
		{222BF337-DB83-426E-B175-09FE9D564BD9} = {222BF337-DB83-426E-B175-09FE9D564BD9}
		{11EA27B0-62BA-4C3C-B208-4BD6DDF97808} = {11EA27B0-62BA-4C3C-B208-4BD6DDF97808}
	EndProjectSection
EndProject
Project("{2150E333-8FDC-42A3-9474-1A3956D46DE8}") = "Function", "Function", "{B7334CD7-5094-46F9-A690-73B47797E9B9}"
	ProjectSection(SolutionItems) = preProject
		Port.txt = Port.txt
	EndProjectSection
EndProject
Project("{2150E333-8FDC-42A3-9474-1A3956D46DE8}") = "Tikitaka", "Tikitaka", "{73BCB382-D4A2-4CD7-A63D-7DB23D72E53B}"
	ProjectSection(SolutionItems) = preProject
		로그인.txt = 로그인.txt
		섹션이동.txt = 섹션이동.txt
	EndProjectSection
EndProject
Project("{2150E333-8FDC-42A3-9474-1A3956D46DE8}") = "학생필요", "학생필요", "{2E54B4E8-7E88-411E-A5A6-9373D9EE8A4B}"
	ProjectSection(SolutionItems) = preProject
		할거.txt = 할거.txt
	EndProjectSection
EndProject
Global
	GlobalSection(SolutionConfigurationPlatforms) = preSolution
		Debug|x64 = Debug|x64
		Debug|x86 = Debug|x86
		Release|x64 = Release|x64
		Release|x86 = Release|x86
	EndGlobalSection
	GlobalSection(ProjectConfigurationPlatforms) = postSolution
		{335E2818-BE82-4B21-BF14-1D3FE71482A3}.Debug|x64.ActiveCfg = Debug|x64
		{335E2818-BE82-4B21-BF14-1D3FE71482A3}.Debug|x64.Build.0 = Debug|x64
		{335E2818-BE82-4B21-BF14-1D3FE71482A3}.Debug|x86.ActiveCfg = Debug|Win32
		{335E2818-BE82-4B21-BF14-1D3FE71482A3}.Debug|x86.Build.0 = Debug|Win32
		{335E2818-BE82-4B21-BF14-1D3FE71482A3}.Release|x64.ActiveCfg = Release|x64
		{335E2818-BE82-4B21-BF14-1D3FE71482A3}.Release|x64.Build.0 = Release|x64
		{335E2818-BE82-4B21-BF14-1D3FE71482A3}.Release|x86.ActiveCfg = Release|Win32
		{335E2818-BE82-4B21-BF14-1D3FE71482A3}.Release|x86.Build.0 = Release|Win32
		{11EA27B0-62BA-4C3C-B208-4BD6DDF97808}.Debug|x64.ActiveCfg = Debug|x64
		{11EA27B0-62BA-4C3C-B208-4BD6DDF97808}.Debug|x64.Build.0 = Debug|x64
		{11EA27B0-62BA-4C3C-B208-4BD6DDF97808}.Debug|x86.ActiveCfg = Debug|Win32
		{11EA27B0-62BA-4C3C-B208-4BD6DDF97808}.Debug|x86.Build.0 = Debug|Win32
		{11EA27B0-62BA-4C3C-B208-4BD6DDF97808}.Release|x64.ActiveCfg = Release|x64
		{11EA27B0-62BA-4C3C-B208-4BD6DDF97808}.Release|x64.Build.0 = Release|x64
		{11EA27B0-62BA-4C3C-B208-4BD6DDF97808}.Release|x86.ActiveCfg = Release|Win32
		{11EA27B0-62BA-4C3C-B208-4BD6DDF97808}.Release|x86.Build.0 = Release|Win32
		{DC21D136-1DDB-4755-88EC-459185C89D5A}.Debug|x64.ActiveCfg = Debug|x64
		{DC21D136-1DDB-4755-88EC-459185C89D5A}.Debug|x64.Build.0 = Debug|x64
		{DC21D136-1DDB-4755-88EC-459185C89D5A}.Debug|x86.ActiveCfg = Debug|Win32
		{DC21D136-1DDB-4755-88EC-459185C89D5A}.Debug|x86.Build.0 = Debug|Win32
		{DC21D136-1DDB-4755-88EC-459185C89D5A}.Release|x64.ActiveCfg = Release|x64
		{DC21D136-1DDB-4755-88EC-459185C89D5A}.Release|x64.Build.0 = Release|x64
		{DC21D136-1DDB-4755-88EC-459185C89D5A}.Release|x86.ActiveCfg = Release|Win32
		{DC21D136-1DDB-4755-88EC-459185C89D5A}.Release|x86.Build.0 = Release|Win32
		{948C7635-D676-4D64-B2CD-3445E61C080A}.Debug|x64.ActiveCfg = Debug|x64
		{948C7635-D676-4D64-B2CD-3445E61C080A}.Debug|x64.Build.0 = Debug|x64
		{948C7635-D676-4D64-B2CD-3445E61C080A}.Debug|x86.ActiveCfg = Debug|Win32
		{948C7635-D676-4D64-B2CD-3445E61C080A}.Debug|x86.Build.0 = Debug|Win32
		{948C7635-D676-4D64-B2CD-3445E61C080A}.Release|x64.ActiveCfg = Release|x64
		{948C7635-D676-4D64-B2CD-3445E61C080A}.Release|x64.Build.0 = Release|x64
		{948C7635-D676-4D64-B2CD-3445E61C080A}.Release|x86.ActiveCfg = Release|Win32
		{948C7635-D676-4D64-B2CD-3445E61C080A}.Release|x86.Build.0 = Release|Win32
		{EEB2A67A-9EA1-44CB-89C7-B44CE20C2654}.Debug|x64.ActiveCfg = Debug|x64
		{EEB2A67A-9EA1-44CB-89C7-B44CE20C2654}.Debug|x64.Build.0 = Debug|x64
		{EEB2A67A-9EA1-44CB-89C7-B44CE20C2654}.Debug|x86.ActiveCfg = Debug|Win32
		{EEB2A67A-9EA1-44CB-89C7-B44CE20C2654}.Debug|x86.Build.0 = Debug|Win32
		{EEB2A67A-9EA1-44CB-89C7-B44CE20C2654}.Release|x64.ActiveCfg = Release|x64
		{EEB2A67A-9EA1-44CB-89C7-B44CE20C2654}.Release|x64.Build.0 = Release|x64
		{EEB2A67A-9EA1-44CB-89C7-B44CE20C2654}.Release|x86.ActiveCfg = Release|Win32
		{EEB2A67A-9EA1-44CB-89C7-B44CE20C2654}.Release|x86.Build.0 = Release|Win32
		{222BF337-DB83-426E-B175-09FE9D564BD9}.Debug|x64.ActiveCfg = Debug|x64
		{222BF337-DB83-426E-B175-09FE9D564BD9}.Debug|x64.Build.0 = Debug|x64
		{222BF337-DB83-426E-B175-09FE9D564BD9}.Debug|x86.ActiveCfg = Debug|Win32
		{222BF337-DB83-426E-B175-09FE9D564BD9}.Debug|x86.Build.0 = Debug|Win32
		{222BF337-DB83-426E-B175-09FE9D564BD9}.Release|x64.ActiveCfg = Release|x64
		{222BF337-DB83-426E-B175-09FE9D564BD9}.Release|x64.Build.0 = Release|x64
		{222BF337-DB83-426E-B175-09FE9D564BD9}.Release|x86.ActiveCfg = Release|Win32
		{222BF337-DB83-426E-B175-09FE9D564BD9}.Release|x86.Build.0 = Release|Win32
		{183F2038-4FB2-4DA3-8343-CD75B0D2FD77}.Debug|x64.ActiveCfg = Debug|x64
		{183F2038-4FB2-4DA3-8343-CD75B0D2FD77}.Debug|x64.Build.0 = Debug|x64
		{183F2038-4FB2-4DA3-8343-CD75B0D2FD77}.Debug|x86.ActiveCfg = Debug|Win32
		{183F2038-4FB2-4DA3-8343-CD75B0D2FD77}.Debug|x86.Build.0 = Debug|Win32
		{183F2038-4FB2-4DA3-8343-CD75B0D2FD77}.Release|x64.ActiveCfg = Release|x64
		{183F2038-4FB2-4DA3-8343-CD75B0D2FD77}.Release|x64.Build.0 = Release|x64
		{183F2038-4FB2-4DA3-8343-CD75B0D2FD77}.Release|x86.ActiveCfg = Release|Win32
		{183F2038-4FB2-4DA3-8343-CD75B0D2FD77}.Release|x86.Build.0 = Release|Win32
	EndGlobalSection
	GlobalSection(SolutionProperties) = preSolution
		HideSolutionNode = FALSE
	EndGlobalSection
	GlobalSection(NestedProjects) = preSolution
		{335E2818-BE82-4B21-BF14-1D3FE71482A3} = {DA007C85-99AE-41A0-BDF6-ABAA6A435875}
		{38A56C59-A822-43A0-8C94-52358A550616} = {7E8E7F26-32A8-45CD-B543-9C711CC9C2F9}
		{11EA27B0-62BA-4C3C-B208-4BD6DDF97808} = {ADBEC451-2CD2-4EE3-8427-64198FE41BE9}
		{DC21D136-1DDB-4755-88EC-459185C89D5A} = {00699D49-11EE-427B-A62B-5A5B5EF093F0}
		{CC55C3A9-033A-4051-B8E5-BC6ED529733B} = {7E8E7F26-32A8-45CD-B543-9C711CC9C2F9}
		{948C7635-D676-4D64-B2CD-3445E61C080A} = {91E3FD9F-A076-4EF1-8C6A-700131C33FAB}
		{EEB2A67A-9EA1-44CB-89C7-B44CE20C2654} = {91E3FD9F-A076-4EF1-8C6A-700131C33FAB}
		{222BF337-DB83-426E-B175-09FE9D564BD9} = {5EBA3C78-7934-4932-B4FF-1130F505D6F3}
		{183F2038-4FB2-4DA3-8343-CD75B0D2FD77} = {C17BBAF6-214B-4E98-90B4-9C585FE1D6AF}
		{B7334CD7-5094-46F9-A690-73B47797E9B9} = {7E8E7F26-32A8-45CD-B543-9C711CC9C2F9}
		{73BCB382-D4A2-4CD7-A63D-7DB23D72E53B} = {7E8E7F26-32A8-45CD-B543-9C711CC9C2F9}
		{2E54B4E8-7E88-411E-A5A6-9373D9EE8A4B} = {7E8E7F26-32A8-45CD-B543-9C711CC9C2F9}
	EndGlobalSection
	GlobalSection(ExtensibilityGlobals) = postSolution
		SolutionGuid = {BB2F7EB7-4F9D-4FBC-9A0D-77591359092A}
	EndGlobalSection
EndGlobal
