
Microsoft Visual Studio Solution File, Format Version 12.00
# Visual Studio Version 17
VisualStudioVersion = 17.0.32014.148
MinimumVisualStudioVersion = 10.0.40219.1
Project("{8BC9CEB8-8B4A-11D0-8D11-00A0C91BC942}") = "AccpetServerBase", "AccpetServerBase\AccpetServerBase.vcxproj", "{F84130AF-7574-47C4-862C-159D13BD3B71}"
EndProject
Project("{8BC9CEB8-8B4A-11D0-8D11-00A0C91BC942}") = "ConnectClientBase", "ConnectClientBase\ConnectClientBase.vcxproj", "{3E9DB7A4-37DB-479C-B221-AA3C197A99FD}"
EndProject
Project("{2150E333-8FDC-42A3-9474-1A3956D46DE8}") = "Base", "Base", "{48925D65-D1DF-4163-BB85-CC75DFFDB27A}"
EndProject
Global
	GlobalSection(SolutionConfigurationPlatforms) = preSolution
		Debug|x64 = Debug|x64
		Debug|x86 = Debug|x86
		Release|x64 = Release|x64
		Release|x86 = Release|x86
	EndGlobalSection
	GlobalSection(ProjectConfigurationPlatforms) = postSolution
		{F84130AF-7574-47C4-862C-159D13BD3B71}.Debug|x64.ActiveCfg = Debug|x64
		{F84130AF-7574-47C4-862C-159D13BD3B71}.Debug|x64.Build.0 = Debug|x64
		{F84130AF-7574-47C4-862C-159D13BD3B71}.Debug|x86.ActiveCfg = Debug|Win32
		{F84130AF-7574-47C4-862C-159D13BD3B71}.Debug|x86.Build.0 = Debug|Win32
		{F84130AF-7574-47C4-862C-159D13BD3B71}.Release|x64.ActiveCfg = Release|x64
		{F84130AF-7574-47C4-862C-159D13BD3B71}.Release|x64.Build.0 = Release|x64
		{F84130AF-7574-47C4-862C-159D13BD3B71}.Release|x86.ActiveCfg = Release|Win32
		{F84130AF-7574-47C4-862C-159D13BD3B71}.Release|x86.Build.0 = Release|Win32
		{3E9DB7A4-37DB-479C-B221-AA3C197A99FD}.Debug|x64.ActiveCfg = Debug|x64
		{3E9DB7A4-37DB-479C-B221-AA3C197A99FD}.Debug|x64.Build.0 = Debug|x64
		{3E9DB7A4-37DB-479C-B221-AA3C197A99FD}.Debug|x86.ActiveCfg = Debug|Win32
		{3E9DB7A4-37DB-479C-B221-AA3C197A99FD}.Debug|x86.Build.0 = Debug|Win32
		{3E9DB7A4-37DB-479C-B221-AA3C197A99FD}.Release|x64.ActiveCfg = Release|x64
		{3E9DB7A4-37DB-479C-B221-AA3C197A99FD}.Release|x64.Build.0 = Release|x64
		{3E9DB7A4-37DB-479C-B221-AA3C197A99FD}.Release|x86.ActiveCfg = Release|Win32
		{3E9DB7A4-37DB-479C-B221-AA3C197A99FD}.Release|x86.Build.0 = Release|Win32
	EndGlobalSection
	GlobalSection(SolutionProperties) = preSolution
		HideSolutionNode = FALSE
	EndGlobalSection
	GlobalSection(NestedProjects) = preSolution
		{F84130AF-7574-47C4-862C-159D13BD3B71} = {48925D65-D1DF-4163-BB85-CC75DFFDB27A}
		{3E9DB7A4-37DB-479C-B221-AA3C197A99FD} = {48925D65-D1DF-4163-BB85-CC75DFFDB27A}
	EndGlobalSection
	GlobalSection(ExtensibilityGlobals) = postSolution
		SolutionGuid = {01D89C05-ACB9-46D4-A6F0-2591CAACCBED}
	EndGlobalSection
EndGlobal
